PODS:
  - AFNetworking (3.1.0):
    - AFNetworking/NSURLSession (= 3.1.0)
    - AFNetworking/Reachability (= 3.1.0)
    - AFNetworking/Security (= 3.1.0)
    - AFNetworking/Serialization (= 3.1.0)
    - AFNetworking/UIKit (= 3.1.0)
  - AFNetworking/NSURLSession (3.1.0):
    - AFNetworking/Reachability
    - AFNetworking/Security
    - AFNetworking/Serialization
  - AFNetworking/Reachability (3.1.0)
  - AFNetworking/Security (3.1.0)
  - AFNetworking/Serialization (3.1.0)
  - AFNetworking/UIKit (3.1.0):
    - AFNetworking/NSURLSession
  - LLPaySDK (2.6.7)
  - MBProgressHUD (1.0.0)
  - MJExtension (3.0.13)
  - MJRefresh (3.1.12)
  - MOBFoundation (2.2.15)
  - ReactiveObjC (2.1.2)
  - SDWebImage (4.0.0):
    - SDWebImage/Core (= 4.0.0)
  - SDWebImage/Core (4.0.0)
  - ShareSDK3 (3.6.1):
    - MOBFoundation
    - ShareSDK3/ShareSDK (= 3.6.1)
  - ShareSDK3/ShareSDK (3.6.1):
    - MOBFoundation
  - ShareSDK3/ShareSDKPlatforms/QQ (3.6.1):
    - MOBFoundation
  - ShareSDK3/ShareSDKPlatforms/SinaWeibo (3.6.1):
    - MOBFoundation
  - ShareSDK3/ShareSDKPlatforms/WeChat (3.6.1):
    - MOBFoundation
  - ShareSDK3/ShareSDKUI (3.6.1):
    - MOBFoundation

DEPENDENCIES:
  - AFNetworking
  - LLPaySDK
  - MBProgressHUD
  - MJExtension
  - MJRefresh
  - MOBFoundation
  - ReactiveObjC
  - SDWebImage
  - ShareSDK3
  - ShareSDK3/ShareSDKPlatforms/QQ
  - ShareSDK3/ShareSDKPlatforms/SinaWeibo
  - ShareSDK3/ShareSDKPlatforms/WeChat
  - ShareSDK3/ShareSDKUI

SPEC CHECKSUMS:
  AFNetworking: 5e0e199f73d8626b11e79750991f5d173d1f8b67
  LLPaySDK: 78e93a7cd66d5d891118fdfb63063ffc8cd8ea3a
  MBProgressHUD: 4890f671c94e8a0f3cf959aa731e9de2f036d71a
  MJExtension: 5932755f451458eefa24239358817f8d291240c7
  MJRefresh: b96cdb21c4aa75a7b07654311ab2f315c497e806
  MOBFoundation: 4975874f74c991f562151f6a4549e9a6ad743fd8
  ReactiveObjC: 7b6782ae39f9ac0f57205c3b0c0b69b9dd7048c0
  SDWebImage: 76a6348bdc74eb5a55dd08a091ef298e56b55e41
  ShareSDK3: dea6a14cc4385fa6493e10895ba11d07ef34d149

PODFILE CHECKSUM: 3b94415bdf0b6b2e0e4e30f0eca9f9577df34f62

COCOAPODS: 1.0.0
